[[package]]
name = "atomicwrites"
version = "1.4.1"
description = "Atomic file writes."
category = "dev"
optional = false
python-versions = ">=2.7, !=3.0.*, !=3.1.*, !=3.2.*, !=3.3.*"

[[package]]
name = "attrs"
version = "22.1.0"
description = "Classes Without Boilerplate"
category = "dev"
optional = false
python-versions = ">=3.5"

[package.extras]
dev = ["coverage[toml] (>=5.0.2)", "hypothesis", "pympler", "pytest (>=4.3.0)", "mypy (>=0.900,!=0.940)", "pytest-mypy-plugins", "zope.interface", "furo", "sphinx", "sphinx-notfound-page", "pre-commit", "cloudpickle"]
docs = ["furo", "sphinx", "zope.interface", "sphinx-notfound-page"]
tests = ["coverage[toml] (>=5.0.2)", "hypothesis", "pympler", "pytest (>=4.3.0)", "mypy (>=0.900,!=0.940)", "pytest-mypy-plugins", "zope.interface", "cloudpickle"]
tests_no_zope = ["coverage[toml] (>=5.0.2)", "hypothesis", "pympler", "pytest (>=4.3.0)", "mypy (>=0.900,!=0.940)", "pytest-mypy-plugins", "cloudpickle"]

[[package]]
name = "certifi"
version = "2022.6.15"
description = "Python package for providing Mozilla's CA Bundle."
category = "main"
optional = false
python-versions = ">=3.6"

[[package]]
name = "charset-normalizer"
version = "2.1.0"
description = "The Real First Universal Charset Detector. Open, modern and actively maintained alternative to Chardet."
category = "main"
optional = false
python-versions = ">=3.6.0"

[package.extras]
unicode_backport = ["unicodedata2"]

[[package]]
name = "click"
version = "8.1.3"
description = "Composable command line interface toolkit"
category = "main"
optional = false
python-versions = ">=3.7"

[package.dependencies]
colorama = {version = "*", markers = "platform_system == \"Windows\""}

[[package]]
name = "colorama"
version = "0.4.5"
description = "Cross-platform colored terminal text."
category = "main"
optional = false
python-versions = ">=2.7, !=3.0.*, !=3.1.*, !=3.2.*, !=3.3.*, !=3.4.*"

[[package]]
name = "dill"
version = "0.3.5.1"
description = "serialize all of python"
category = "dev"
optional = false
python-versions = ">=2.7, !=3.0.*, !=3.1.*, !=3.2.*, !=3.3.*, !=3.4.*, !=3.5.*, !=3.6.*"

[package.extras]
graph = ["objgraph (>=1.7.2)"]

[[package]]
name = "docker"
version = "5.0.3"
description = "A Python library for the Docker Engine API."
category = "dev"
optional = false
python-versions = ">=3.6"

[package.dependencies]
requests = ">=2.14.2,<2.18.0 || >2.18.0"
websocket-client = ">=0.32.0"

[package.extras]
ssh = ["paramiko (>=2.4.2)"]
tls = ["pyOpenSSL (>=17.5.0)", "cryptography (>=3.4.7)", "idna (>=2.0.0)"]

[[package]]
name = "docutils"
version = "0.19"
description = "Docutils -- Python Documentation Utilities"
category = "dev"
optional = false
python-versions = ">=3.7"

[[package]]
name = "exasol-bucketfs-utils-python"
version = "0.3.0"
description = "BucketFS utilities for the Python programming language"
category = "main"
optional = false
python-versions = ">=3.8,<4.0"
develop = false

[package.dependencies]
joblib = ">=1.0.1"
requests = ">=2.24.0"
typeguard = ">=2.11.1"

[package.source]
type = "git"
url = "https://github.com/exasol/bucketfs-utils-python.git"
reference = "main"
resolved_reference = "3e55f6f8a1877bfe375a8f68dbe3c635d4b5aa2f"

[[package]]
name = "exasol-integration-test-docker-environment"
version = "0.11.0"
description = "Integration Test Docker Environment for Exasol"
category = "dev"
optional = false
python-versions = ">=3.8,<4"

[package.dependencies]
click = ">=7.0"
docker = {version = ">=4.0.0", markers = "sys_platform != \"win32\""}
gitpython = ">=2.1.0"
humanfriendly = ">=4.18"
jinja2 = ">=2.10.1"
jsonpickle = ">=1.1"
luigi = ">=2.8.4"
netaddr = ">=0.7.19"
networkx = ">=2.3"
pydot = ">=1.4.0"
requests = ">=2.21.0"
simplejson = ">=3.16.0"
"stopwatch.py" = ">=1.0.0"

[package.source]
type = "url"
url = "https://github.com/exasol/integration-test-docker-environment/releases/download/0.11.0/exasol_integration_test_docker_environment-0.11.0-py3-none-any.whl"
[[package]]
name = "exasol-script-languages-container-tool"
version = "0.14.0"
description = "Script Languages Container Tool"
category = "dev"
optional = false
python-versions = ">=3.8,<4"
develop = false

[package.dependencies]
exasol-integration-test-docker-environment = "0.11.0"
importlib_metadata = ">=4.6.0"
importlib-resources = ">=5.4.0"

[package.source]
type = "git"
url = "https://github.com/exasol/script-languages-container-tool.git"
reference = "0.14.0"
resolved_reference = "bbe4f6ec00076837dc00462e5fb46719b2d7e5b3"

[[package]]
name = "exasol-udf-mock-python"
version = "0.1.0"
description = "Mocking framework for Exasol Python UDFs"
category = "dev"
optional = false
python-versions = ">=3.8"
develop = false

[package.dependencies]
dill = "^0.3.2"
numpy = "^1.22"
pandas = "^1.4"

[package.source]
type = "git"
url = "https://github.com/exasol/udf-mock-python.git"
reference = "master"
resolved_reference = "487edc2488781e764770b4fd4debc1d3132ea4d7"

[[package]]
name = "filelock"
version = "3.7.1"
description = "A platform independent file lock."
category = "main"
optional = false
python-versions = ">=3.7"

[package.extras]
docs = ["furo (>=2021.8.17b43)", "sphinx (>=4.1)", "sphinx-autodoc-typehints (>=1.12)"]
testing = ["covdefaults (>=1.2.0)", "coverage (>=4)", "pytest (>=4)", "pytest-cov", "pytest-timeout (>=1.4.2)"]

[[package]]
name = "gitdb"
version = "4.0.9"
description = "Git Object Database"
category = "dev"
optional = false
python-versions = ">=3.6"

[package.dependencies]
smmap = ">=3.0.1,<6"

[[package]]
name = "gitpython"
version = "3.1.27"
description = "GitPython is a python library used to interact with Git repositories"
category = "dev"
optional = false
python-versions = ">=3.7"

[package.dependencies]
gitdb = ">=4.0.1,<5"

[[package]]
name = "huggingface-hub"
version = "0.8.1"
description = "Client library to download and publish models, datasets and other repos on the huggingface.co hub"
category = "main"
optional = false
python-versions = ">=3.7.0"

[package.dependencies]
filelock = "*"
packaging = ">=20.9"
pyyaml = ">=5.1"
requests = "*"
tqdm = "*"
typing-extensions = ">=3.7.4.3"

[package.extras]
torch = ["torch"]
testing = ["soundfile", "datasets", "pytest-cov", "pytest"]
tensorflow = ["graphviz", "pydot", "tensorflow"]
quality = ["flake8 (>=3.8.3)", "isort (>=5.5.4)", "black (>=22.0,<23.0)"]
fastai = ["fastcore (>=1.3.27)", "fastai (>=2.4)", "toml"]
dev = ["flake8 (>=3.8.3)", "isort (>=5.5.4)", "black (>=22.0,<23.0)", "soundfile", "datasets", "pytest-cov", "pytest"]
all = ["flake8 (>=3.8.3)", "isort (>=5.5.4)", "black (>=22.0,<23.0)", "soundfile", "datasets", "pytest-cov", "pytest"]

[[package]]
name = "humanfriendly"
version = "10.0"
description = "Human friendly output for text interfaces using Python"
category = "dev"
optional = false
python-versions = ">=2.7, !=3.0.*, !=3.1.*, !=3.2.*, !=3.3.*, !=3.4.*"

[package.dependencies]
pyreadline3 = {version = "*", markers = "sys_platform == \"win32\" and python_version >= \"3.8\""}

[[package]]
name = "idna"
version = "3.3"
description = "Internationalized Domain Names in Applications (IDNA)"
category = "main"
optional = false
python-versions = ">=3.5"

[[package]]
name = "importlib-metadata"
version = "4.12.0"
description = "Read metadata from Python packages"
category = "dev"
optional = false
python-versions = ">=3.7"

[package.dependencies]
zipp = ">=0.5"

[package.extras]
docs = ["sphinx", "jaraco.packaging (>=9)", "rst.linker (>=1.9)"]
perf = ["ipython"]
testing = ["pytest (>=6)", "pytest-checkdocs (>=2.4)", "pytest-flake8", "pytest-cov", "pytest-enabler (>=1.3)", "packaging", "pyfakefs", "flufl.flake8", "pytest-perf (>=0.9.2)", "pytest-black (>=0.3.7)", "pytest-mypy (>=0.9.1)", "importlib-resources (>=1.3)"]

[[package]]
name = "importlib-resources"
version = "5.9.0"
description = "Read resources from Python packages"
category = "main"
optional = false
python-versions = ">=3.7"

[package.dependencies]
zipp = {version = ">=3.1.0", markers = "python_version < \"3.10\""}

[package.extras]
docs = ["sphinx", "jaraco.packaging (>=9)", "rst.linker (>=1.9)", "jaraco.tidelift (>=1.4)"]
testing = ["pytest (>=6)", "pytest-checkdocs (>=2.4)", "pytest-flake8", "pytest-cov", "pytest-enabler (>=1.3)", "pytest-black (>=0.3.7)", "pytest-mypy (>=0.9.1)"]

[[package]]
name = "iniconfig"
version = "1.1.1"
description = "iniconfig: brain-dead simple config-ini parsing"
category = "dev"
optional = false
python-versions = "*"

[[package]]
name = "jinja2"
version = "3.1.2"
description = "A very fast and expressive template engine."
category = "main"
optional = false
python-versions = ">=3.7"

[package.dependencies]
MarkupSafe = ">=2.0"

[package.extras]
i18n = ["Babel (>=2.7)"]

[[package]]
name = "joblib"
version = "1.1.0"
description = "Lightweight pipelining with Python functions"
category = "main"
optional = false
python-versions = ">=3.6"

[[package]]
name = "jsonpickle"
version = "2.2.0"
description = "Python library for serializing any arbitrary object graph into JSON"
category = "dev"
optional = false
python-versions = ">=2.7"

[package.extras]
testing = ["pytest-flake8 (>=1.1.1)", "jsonlib", "enum34", "pytest-flake8 (<1.1.0)", "sqlalchemy", "scikit-learn", "pymongo", "pandas", "numpy", "feedparser", "ecdsa", "pytest-cov", "pytest-black-multipy", "pytest-checkdocs (>=1.2.3)", "pytest (>=3.5,!=3.7.3)"]
"testing.libs" = ["yajl", "ujson", "simplejson"]
docs = ["rst.linker (>=1.9)", "jaraco.packaging (>=3.2)", "sphinx"]

[[package]]
name = "lockfile"
version = "0.12.2"
description = "Platform-independent file locking module"
category = "dev"
optional = false
python-versions = "*"

[[package]]
name = "luigi"
version = "3.1.0"
description = "Workflow mgmgt + task scheduling + dependency resolution."
category = "dev"
optional = false
python-versions = "*"

[package.dependencies]
python-daemon = "*"
python-dateutil = ">=2.7.5,<3"
tenacity = ">=8,<9"
tornado = ">=5.0,<7"

[package.extras]
prometheus = ["prometheus-client (>=0.5,<0.15)"]
toml = ["toml (<2.0.0)"]

[[package]]
name = "markupsafe"
version = "2.1.1"
description = "Safely add untrusted strings to HTML/XML markup."
category = "main"
optional = false
python-versions = ">=3.7"

[[package]]
name = "netaddr"
version = "0.8.0"
description = "A network address manipulation library for Python"
category = "dev"
optional = false
python-versions = "*"

[[package]]
name = "networkx"
version = "2.8.5"
description = "Python package for creating and manipulating graphs and networks"
category = "dev"
optional = false
python-versions = ">=3.8"

[package.extras]
default = ["numpy (>=1.19)", "scipy (>=1.8)", "matplotlib (>=3.4)", "pandas (>=1.3)"]
developer = ["pre-commit (>=2.19)", "mypy (>=0.960)"]
doc = ["sphinx (>=5)", "pydata-sphinx-theme (>=0.9)", "sphinx-gallery (>=0.10)", "numpydoc (>=1.4)", "pillow (>=9.1)", "nb2plots (>=0.6)", "texext (>=0.6.6)"]
extra = ["lxml (>=4.6)", "pygraphviz (>=1.9)", "pydot (>=1.4.2)", "sympy (>=1.10)"]
test = ["pytest (>=7.1)", "pytest-cov (>=3.0)", "codecov (>=2.1)"]

[[package]]
name = "numpy"
version = "1.23.1"
description = "NumPy is the fundamental package for array computing with Python."
category = "main"
optional = false
python-versions = ">=3.8"

[[package]]
name = "packaging"
version = "21.3"
description = "Core utilities for Python packages"
category = "main"
optional = false
python-versions = ">=3.6"

[package.dependencies]
pyparsing = ">=2.0.2,<3.0.5 || >3.0.5"

[[package]]
name = "pandas"
version = "1.4.3"
description = "Powerful data structures for data analysis, time series, and statistics"
category = "main"
optional = false
python-versions = ">=3.8"

[package.dependencies]
numpy = [
    {version = ">=1.18.5", markers = "platform_machine != \"aarch64\" and platform_machine != \"arm64\" and python_version < \"3.10\""},
    {version = ">=1.19.2", markers = "platform_machine == \"aarch64\" and python_version < \"3.10\""},
    {version = ">=1.20.0", markers = "platform_machine == \"arm64\" and python_version < \"3.10\""},
    {version = ">=1.21.0", markers = "python_version >= \"3.10\""},
]
python-dateutil = ">=2.8.1"
pytz = ">=2020.1"

[package.extras]
test = ["hypothesis (>=5.5.3)", "pytest (>=6.0)", "pytest-xdist (>=1.31)"]

[[package]]
name = "pluggy"
version = "1.0.0"
description = "plugin and hook calling mechanisms for python"
category = "dev"
optional = false
python-versions = ">=3.6"

[package.extras]
testing = ["pytest-benchmark", "pytest"]
dev = ["tox", "pre-commit"]

[[package]]
name = "py"
version = "1.11.0"
description = "library with cross-python path, ini-parsing, io, code, log facilities"
category = "dev"
optional = false
python-versions = ">=2.7, !=3.0.*, !=3.1.*, !=3.2.*, !=3.3.*, !=3.4.*"

[[package]]
name = "pyasn1"
version = "0.4.8"
description = "ASN.1 types and codecs"
category = "main"
optional = false
python-versions = "*"

[[package]]
name = "pydot"
version = "1.4.2"
description = "Python interface to Graphviz's Dot"
category = "dev"
optional = false
python-versions = ">=2.7, !=3.0.*, !=3.1.*, !=3.2.*, !=3.3.*"

[package.dependencies]
pyparsing = ">=2.1.4"

[[package]]
name = "pyexasol"
version = "0.17.0"
description = "Exasol python driver with extra features"
category = "main"
optional = false
python-versions = ">=3.6"

[package.dependencies]
rsa = "*"
websocket-client = ">=0.47.0"

[package.extras]
encrypt = ["pyopenssl (>=17.5.0)"]
examples = ["pproxy", "psutil"]
pandas = ["pandas (>=0.22,!=0.23.1)"]
rapidjson = ["python-rapidjson"]
ujson = ["ujson"]

[[package]]
name = "pyparsing"
version = "3.0.9"
description = "pyparsing module - Classes and methods to define and execute parsing grammars"
category = "main"
optional = false
python-versions = ">=3.6.8"

[package.extras]
diagrams = ["railroad-diagrams", "jinja2"]

[[package]]
name = "pyreadline3"
version = "3.4.1"
description = "A python implementation of GNU readline."
category = "dev"
optional = false
python-versions = "*"

[[package]]
name = "pytest"
version = "6.2.5"
description = "pytest: simple powerful testing with Python"
category = "dev"
optional = false
python-versions = ">=3.6"

[package.dependencies]
atomicwrites = {version = ">=1.0", markers = "sys_platform == \"win32\""}
attrs = ">=19.2.0"
colorama = {version = "*", markers = "sys_platform == \"win32\""}
iniconfig = "*"
packaging = "*"
pluggy = ">=0.12,<2.0"
py = ">=1.8.2"
toml = "*"

[package.extras]
testing = ["argcomplete", "hypothesis (>=3.56)", "mock", "nose", "requests", "xmlschema"]

[[package]]
name = "python-daemon"
version = "2.3.1"
description = "Library to implement a well-behaved Unix daemon process."
category = "dev"
optional = false
python-versions = "*"

[package.dependencies]
docutils = "*"
lockfile = ">=0.10"

[package.extras]
test = ["coverage", "docutils", "testscenarios (>=0.4)", "testtools"]

[[package]]
name = "python-dateutil"
version = "2.8.2"
description = "Extensions to the standard Python datetime module"
category = "main"
optional = false
python-versions = "!=3.0.*,!=3.1.*,!=3.2.*,>=2.7"

[package.dependencies]
six = ">=1.5"

[[package]]
name = "pytz"
version = "2022.1"
description = "World timezone definitions, modern and historical"
category = "main"
optional = false
python-versions = "*"

[[package]]
name = "pyyaml"
version = "6.0"
description = "YAML parser and emitter for Python"
category = "main"
optional = false
python-versions = ">=3.6"

[[package]]
name = "regex"
version = "2022.7.25"
description = "Alternative regular expression module, to replace re."
category = "main"
optional = false
python-versions = ">=3.6"

[[package]]
name = "requests"
version = "2.28.1"
description = "Python HTTP for Humans."
category = "main"
optional = false
python-versions = ">=3.7, <4"

[package.dependencies]
certifi = ">=2017.4.17"
charset-normalizer = ">=2,<3"
idna = ">=2.5,<4"
urllib3 = ">=1.21.1,<1.27"

[package.extras]
socks = ["PySocks (>=1.5.6,!=1.5.7)"]
use_chardet_on_py3 = ["chardet (>=3.0.2,<6)"]

[[package]]
name = "rsa"
version = "4.9"
description = "Pure-Python RSA implementation"
category = "main"
optional = false
python-versions = ">=3.6,<4"

[package.dependencies]
pyasn1 = ">=0.1.3"

[[package]]
name = "simplejson"
version = "3.17.6"
description = "Simple, fast, extensible JSON encoder/decoder for Python"
category = "dev"
optional = false
python-versions = ">=2.5, !=3.0.*, !=3.1.*, !=3.2.*"

[[package]]
name = "six"
version = "1.16.0"
description = "Python 2 and 3 compatibility utilities"
category = "main"
optional = false
python-versions = ">=2.7, !=3.0.*, !=3.1.*, !=3.2.*"

[[package]]
name = "smmap"
version = "5.0.0"
description = "A pure Python implementation of a sliding window memory map manager"
category = "dev"
optional = false
python-versions = ">=3.6"

[[package]]
name = "stopwatch.py"
version = "2.0.0"
description = "A simple stopwatch for python"
category = "dev"
optional = false
python-versions = ">=3.5"

[[package]]
name = "tenacity"
version = "8.0.1"
description = "Retry code until it succeeds"
category = "dev"
optional = false
python-versions = ">=3.6"

[package.extras]
doc = ["reno", "sphinx", "tornado (>=4.5)"]

[[package]]
name = "tokenizers"
version = "0.12.1"
description = "Fast and Customizable Tokenizers"
category = "main"
optional = false
python-versions = "*"

[package.extras]
docs = ["sphinx", "sphinx-rtd-theme", "setuptools-rust"]
testing = ["pytest", "requests", "numpy", "datasets"]

[[package]]
name = "toml"
version = "0.10.2"
description = "Python Library for Tom's Obvious, Minimal Language"
category = "dev"
optional = false
python-versions = ">=2.6, !=3.0.*, !=3.1.*, !=3.2.*"

[[package]]
name = "torch"
version = "1.11.0"
description = "Tensors and Dynamic neural networks in Python with strong GPU acceleration"
category = "main"
optional = false
python-versions = ">=3.7.0"

[package.dependencies]
typing-extensions = "*"

[[package]]
name = "tornado"
version = "6.2"
description = "Tornado is a Python web framework and asynchronous networking library, originally developed at FriendFeed."
category = "dev"
optional = false
python-versions = ">= 3.7"

[[package]]
name = "tqdm"
version = "4.64.0"
description = "Fast, Extensible Progress Meter"
category = "main"
optional = false
python-versions = "!=3.0.*,!=3.1.*,!=3.2.*,!=3.3.*,>=2.7"

[package.dependencies]
colorama = {version = "*", markers = "platform_system == \"Windows\""}

[package.extras]
dev = ["py-make (>=0.1.0)", "twine", "wheel"]
notebook = ["ipywidgets (>=6)"]
slack = ["slack-sdk"]
telegram = ["requests"]

[[package]]
name = "transformers"
version = "4.21.0"
description = "State-of-the-art Machine Learning for JAX, PyTorch and TensorFlow"
category = "main"
optional = false
python-versions = ">=3.7.0"

[package.dependencies]
filelock = "*"
huggingface-hub = ">=0.1.0,<1.0"
numpy = ">=1.17"
packaging = ">=20.0"
pyyaml = ">=5.1"
regex = "!=2019.12.17"
requests = "*"
tokenizers = ">=0.11.1,<0.11.3 || >0.11.3,<0.13"
torch = {version = ">=1.0,<1.12", optional = true, markers = "extra == \"torch\""}
tqdm = ">=4.27"

[package.extras]
dev-torch = ["torchaudio", "librosa", "pytest", "pytest-xdist", "timeout-decorator", "parameterized", "psutil", "datasets", "dill (<0.3.5)", "pytest-timeout", "black (==22.3)", "sacrebleu (>=1.4.12,<2.0.0)", "rouge-score", "nltk", "GitPython (<3.1.19)", "hf-doc-builder (>=0.3.0)", "protobuf (<=3.20.1)", "sacremoses", "rjieba", "faiss-cpu", "cookiecutter (==1.7.3)", "torch (>=1.0,<1.12)", "sentencepiece (>=0.1.91,!=0.1.92)", "tokenizers (>=0.11.1,!=0.11.3,<0.13)", "pyctcdecode (>=0.3.0)", "phonemizer", "resampy (<0.3.1)", "pillow", "optuna", "ray", "sigopt", "timm", "codecarbon (==1.2.0)", "isort (>=5.5.4)", "flake8 (>=3.8.3)", "fugashi (>=1.0)", "ipadic (>=1.0.0,<2.0)", "unidic-lite (>=1.0.7)", "unidic (>=1.0.2)", "hf-doc-builder", "scikit-learn", "onnxruntime (>=1.4.0)", "onnxruntime-tools (>=1.4.2)"]
accelerate = ["accelerate (>=0.10.0)"]
all = ["tensorflow (>=2.3)", "onnxconverter-common", "tf2onnx", "tensorflow-text", "torch (>=1.0,<1.12)", "jax (>=0.2.8,!=0.3.2,<=0.3.6)", "jaxlib (>=0.1.65,<=0.3.6)", "flax (>=0.4.1)", "optax (>=0.0.8)", "sentencepiece (>=0.1.91,!=0.1.92)", "protobuf (<=3.20.1)", "tokenizers (>=0.11.1,!=0.11.3,<0.13)", "torchaudio", "librosa", "pyctcdecode (>=0.3.0)", "phonemizer", "resampy (<0.3.1)", "pillow", "optuna", "ray", "sigopt", "timm", "codecarbon (==1.2.0)", "accelerate (>=0.10.0)"]
audio = ["librosa", "pyctcdecode (>=0.3.0)", "phonemizer", "resampy (<0.3.1)"]
codecarbon = ["codecarbon (==1.2.0)"]
deepspeed = ["deepspeed (>=0.6.5)", "accelerate (>=0.10.0)"]
deepspeed-testing = ["deepspeed (>=0.6.5)", "accelerate (>=0.10.0)", "pytest", "pytest-xdist", "timeout-decorator", "parameterized", "psutil", "datasets", "dill (<0.3.5)", "pytest-timeout", "black (==22.3)", "sacrebleu (>=1.4.12,<2.0.0)", "rouge-score", "nltk", "GitPython (<3.1.19)", "hf-doc-builder (>=0.3.0)", "protobuf (<=3.20.1)", "sacremoses", "rjieba", "faiss-cpu", "cookiecutter (==1.7.3)", "optuna"]
dev = ["tensorflow (>=2.3)", "onnxconverter-common", "tf2onnx", "tensorflow-text", "torch (>=1.0,<1.12)", "jax (>=0.2.8,!=0.3.2,<=0.3.6)", "jaxlib (>=0.1.65,<=0.3.6)", "flax (>=0.4.1)", "optax (>=0.0.8)", "sentencepiece (>=0.1.91,!=0.1.92)", "protobuf (<=3.20.1)", "tokenizers (>=0.11.1,!=0.11.3,<0.13)", "torchaudio", "librosa", "pyctcdecode (>=0.3.0)", "phonemizer", "resampy (<0.3.1)", "pillow", "optuna", "ray", "sigopt", "timm", "codecarbon (==1.2.0)", "accelerate (>=0.10.0)", "pytest", "pytest-xdist", "timeout-decorator", "parameterized", "psutil", "datasets", "dill (<0.3.5)", "pytest-timeout", "black (==22.3)", "sacrebleu (>=1.4.12,<2.0.0)", "rouge-score", "nltk", "GitPython (<3.1.19)", "hf-doc-builder (>=0.3.0)", "sacremoses", "rjieba", "faiss-cpu", "cookiecutter (==1.7.3)", "isort (>=5.5.4)", "flake8 (>=3.8.3)", "fugashi (>=1.0)", "ipadic (>=1.0.0,<2.0)", "unidic-lite (>=1.0.7)", "unidic (>=1.0.2)", "hf-doc-builder", "scikit-learn"]
dev-tensorflow = ["pytest", "pytest-xdist", "timeout-decorator", "parameterized", "psutil", "datasets", "dill (<0.3.5)", "pytest-timeout", "black (==22.3)", "sacrebleu (>=1.4.12,<2.0.0)", "rouge-score", "nltk", "GitPython (<3.1.19)", "hf-doc-builder (>=0.3.0)", "protobuf (<=3.20.1)", "sacremoses", "rjieba", "faiss-cpu", "cookiecutter (==1.7.3)", "tensorflow (>=2.3)", "onnxconverter-common", "tf2onnx", "tensorflow-text", "sentencepiece (>=0.1.91,!=0.1.92)", "tokenizers (>=0.11.1,!=0.11.3,<0.13)", "pillow", "isort (>=5.5.4)", "flake8 (>=3.8.3)", "hf-doc-builder", "scikit-learn", "onnxruntime (>=1.4.0)", "onnxruntime-tools (>=1.4.2)", "librosa", "pyctcdecode (>=0.3.0)", "phonemizer", "resampy (<0.3.1)"]
docs = ["tensorflow (>=2.3)", "onnxconverter-common", "tf2onnx", "tensorflow-text", "torch (>=1.0,<1.12)", "jax (>=0.2.8,!=0.3.2,<=0.3.6)", "jaxlib (>=0.1.65,<=0.3.6)", "flax (>=0.4.1)", "optax (>=0.0.8)", "sentencepiece (>=0.1.91,!=0.1.92)", "protobuf (<=3.20.1)", "tokenizers (>=0.11.1,!=0.11.3,<0.13)", "torchaudio", "librosa", "pyctcdecode (>=0.3.0)", "phonemizer", "resampy (<0.3.1)", "pillow", "optuna", "ray", "sigopt", "timm", "codecarbon (==1.2.0)", "accelerate (>=0.10.0)", "hf-doc-builder"]
docs_specific = ["hf-doc-builder"]
fairscale = ["fairscale (>0.3)"]
flax = ["jax (>=0.2.8,!=0.3.2,<=0.3.6)", "jaxlib (>=0.1.65,<=0.3.6)", "flax (>=0.4.1)", "optax (>=0.0.8)"]
flax-speech = ["librosa", "pyctcdecode (>=0.3.0)", "phonemizer", "resampy (<0.3.1)"]
ftfy = ["ftfy"]
integrations = ["optuna", "ray", "sigopt"]
ja = ["fugashi (>=1.0)", "ipadic (>=1.0.0,<2.0)", "unidic-lite (>=1.0.7)", "unidic (>=1.0.2)"]
modelcreation = ["cookiecutter (==1.7.3)"]
onnx = ["onnxconverter-common", "tf2onnx", "onnxruntime (>=1.4.0)", "onnxruntime-tools (>=1.4.2)"]
onnxruntime = ["onnxruntime (>=1.4.0)", "onnxruntime-tools (>=1.4.2)"]
optuna = ["optuna"]
quality = ["black (==22.3)", "isort (>=5.5.4)", "flake8 (>=3.8.3)", "GitPython (<3.1.19)", "hf-doc-builder (>=0.3.0)"]
ray = ["ray"]
retrieval = ["faiss-cpu", "datasets"]
sagemaker = ["sagemaker (>=2.31.0)"]
sentencepiece = ["sentencepiece (>=0.1.91,!=0.1.92)", "protobuf (<=3.20.1)"]
serving = ["pydantic", "uvicorn", "fastapi", "starlette"]
sigopt = ["sigopt"]
sklearn = ["scikit-learn"]
speech = ["torchaudio", "librosa", "pyctcdecode (>=0.3.0)", "phonemizer", "resampy (<0.3.1)"]
testing = ["pytest", "pytest-xdist", "timeout-decorator", "parameterized", "psutil", "datasets", "dill (<0.3.5)", "pytest-timeout", "black (==22.3)", "sacrebleu (>=1.4.12,<2.0.0)", "rouge-score", "nltk", "GitPython (<3.1.19)", "hf-doc-builder (>=0.3.0)", "protobuf (<=3.20.1)", "sacremoses", "rjieba", "faiss-cpu", "cookiecutter (==1.7.3)"]
tf = ["tensorflow (>=2.3)", "onnxconverter-common", "tf2onnx", "tensorflow-text"]
tf-cpu = ["tensorflow-cpu (>=2.3)", "onnxconverter-common", "tf2onnx", "tensorflow-text"]
tf-speech = ["librosa", "pyctcdecode (>=0.3.0)", "phonemizer", "resampy (<0.3.1)"]
timm = ["timm"]
tokenizers = ["tokenizers (>=0.11.1,!=0.11.3,<0.13)"]
torch = ["torch (>=1.0,<1.12)"]
torch-speech = ["torchaudio", "librosa", "pyctcdecode (>=0.3.0)", "phonemizer", "resampy (<0.3.1)"]
torchhub = ["filelock", "huggingface-hub (>=0.1.0,<1.0)", "importlib-metadata", "numpy (>=1.17)", "packaging (>=20.0)", "protobuf (<=3.20.1)", "regex (!=2019.12.17)", "requests", "sentencepiece (>=0.1.91,!=0.1.92)", "torch (>=1.0,<1.12)", "tokenizers (>=0.11.1,!=0.11.3,<0.13)", "tqdm (>=4.27)"]
vision = ["pillow"]

[[package]]
name = "typeguard"
version = "2.13.3"
description = "Run-time type checker for Python"
category = "main"
optional = false
python-versions = ">=3.5.3"

[package.extras]
doc = ["sphinx-rtd-theme", "sphinx-autodoc-typehints (>=1.2.0)"]
test = ["pytest", "typing-extensions", "mypy"]

[[package]]
name = "typing-extensions"
version = "4.3.0"
description = "Backported and Experimental Type Hints for Python 3.7+"
category = "main"
optional = false
python-versions = ">=3.7"

[[package]]
name = "urllib3"
version = "1.26.11"
description = "HTTP library with thread-safe connection pooling, file post, and more."
category = "main"
optional = false
python-versions = ">=2.7, !=3.0.*, !=3.1.*, !=3.2.*, !=3.3.*, !=3.4.*, !=3.5.*, <4"

[package.extras]
brotli = ["brotlicffi (>=0.8.0)", "brotli (>=1.0.9)", "brotlipy (>=0.6.0)"]
secure = ["pyOpenSSL (>=0.14)", "cryptography (>=1.3.4)", "idna (>=2.0.0)", "certifi", "ipaddress"]
socks = ["PySocks (>=1.5.6,!=1.5.7,<2.0)"]

[[package]]
name = "websocket-client"
version = "1.3.3"
description = "WebSocket client for Python with low level API options"
category = "main"
optional = false
python-versions = ">=3.7"

[package.extras]
docs = ["Sphinx (>=3.4)", "sphinx-rtd-theme (>=0.5)"]
optional = ["python-socks", "wsaccel"]
test = ["websockets"]

[[package]]
name = "zipp"
version = "3.8.1"
description = "Backport of pathlib-compatible object wrapper for zip files"
category = "main"
optional = false
python-versions = ">=3.7"

[package.extras]
docs = ["sphinx", "jaraco.packaging (>=9)", "rst.linker (>=1.9)", "jaraco.tidelift (>=1.4)"]
testing = ["pytest (>=6)", "pytest-checkdocs (>=2.4)", "pytest-flake8", "pytest-cov", "pytest-enabler (>=1.3)", "jaraco.itertools", "func-timeout", "pytest-black (>=0.3.7)", "pytest-mypy (>=0.9.1)"]

[metadata]
lock-version = "1.1"
python-versions = ">=3.8,<4.0"
content-hash = "990084efa0a0f13ba65d75d2e9fed0c015aa3d83009f414e75a59116d680acb6"

[metadata.files]
atomicwrites = []
attrs = []
certifi = []
charset-normalizer = []
click = []
colorama = []
dill = []
docker = []
docutils = []
exasol-bucketfs-utils-python = []
exasol-integration-test-docker-environment = []
exasol-script-languages-container-tool = []
exasol-udf-mock-python = []
filelock = []
gitdb = []
gitpython = []
huggingface-hub = []
humanfriendly = []
idna = []
importlib-metadata = []
importlib-resources = []
iniconfig = []
jinja2 = []
joblib = []
jsonpickle = []
lockfile = []
luigi = []
markupsafe = []
netaddr = []
networkx = []
numpy = []
packaging = []
pandas = []
pluggy = []
py = []
pyasn1 = []
pydot = []
pyexasol = []
pyparsing = []
pyreadline3 = []
pytest = []
python-daemon = []
python-dateutil = []
pytz = []
pyyaml = []
regex = []
requests = []
rsa = []
simplejson = []
six = []
smmap = []
"stopwatch.py" = []
tenacity = []
tokenizers = []
toml = []
torch = []
tornado = []
tqdm = []
transformers = []
typeguard = []
typing-extensions = []
urllib3 = []
websocket-client = []
zipp = []
